// !$*UTF8*$!
{
	archiveVersion = 1;
	classes = {
	};
	objectVersion = 55;
	objects = {

/* Begin PBXBuildFile section */
		0520FC832889449400DB67E8 /* SettingViewModel.swift in Sources */ = {isa = PBXBuildFile; fileRef = 0520FC822889449400DB67E8 /* SettingViewModel.swift */; };
		0520FC862889455A00DB67E8 /* SettingCommonView.swift in Sources */ = {isa = PBXBuildFile; fileRef = 0520FC852889455A00DB67E8 /* SettingCommonView.swift */; };
		0520FC8828894AA600DB67E8 /* ColorAssets.swift in Sources */ = {isa = PBXBuildFile; fileRef = 0520FC8728894AA600DB67E8 /* ColorAssets.swift */; };
		0520FC8A288A6CF300DB67E8 /* SettingProfileView.swift in Sources */ = {isa = PBXBuildFile; fileRef = 0520FC89288A6CF300DB67E8 /* SettingProfileView.swift */; };
		0520FC8C288A6D0100DB67E8 /* SettingFooterView.swift in Sources */ = {isa = PBXBuildFile; fileRef = 0520FC8B288A6D0100DB67E8 /* SettingFooterView.swift */; };
		0520FC8E288A7AF700DB67E8 /* SettingFooterItemView.swift in Sources */ = {isa = PBXBuildFile; fileRef = 0520FC8D288A7AF700DB67E8 /* SettingFooterItemView.swift */; };
		05EA69A0287EB0C8009EA2F9 /* MapView.swift in Sources */ = {isa = PBXBuildFile; fileRef = 05EA699F287EB0C8009EA2F9 /* MapView.swift */; };
		05EA69A1287EB0C8009EA2F9 /* MapView.swift in Sources */ = {isa = PBXBuildFile; fileRef = 05EA699F287EB0C8009EA2F9 /* MapView.swift */; };
		05EA69B02880F21A009EA2F9 /* JSONAssets.swift in Sources */ = {isa = PBXBuildFile; fileRef = 05EA69AF2880F21A009EA2F9 /* JSONAssets.swift */; };
		05EA69B12880F21A009EA2F9 /* JSONAssets.swift in Sources */ = {isa = PBXBuildFile; fileRef = 05EA69AF2880F21A009EA2F9 /* JSONAssets.swift */; };
		05EA69C628851F40009EA2F9 /* ImageAssets.swift in Sources */ = {isa = PBXBuildFile; fileRef = 05EA69C528851F40009EA2F9 /* ImageAssets.swift */; };
		05EA69C728851F40009EA2F9 /* ImageAssets.swift in Sources */ = {isa = PBXBuildFile; fileRef = 05EA69C528851F40009EA2F9 /* ImageAssets.swift */; };
		05EA69CF28853AEA009EA2F9 /* TabBarView.swift in Sources */ = {isa = PBXBuildFile; fileRef = 05EA69CE28853AEA009EA2F9 /* TabBarView.swift */; };
		05EA69D028853AEA009EA2F9 /* TabBarView.swift in Sources */ = {isa = PBXBuildFile; fileRef = 05EA69CE28853AEA009EA2F9 /* TabBarView.swift */; };
		05EA69D228853AFC009EA2F9 /* TabBarItemView.swift in Sources */ = {isa = PBXBuildFile; fileRef = 05EA69D128853AFC009EA2F9 /* TabBarItemView.swift */; };
		05EA69D328853AFC009EA2F9 /* TabBarItemView.swift in Sources */ = {isa = PBXBuildFile; fileRef = 05EA69D128853AFC009EA2F9 /* TabBarItemView.swift */; };
		05EA69D728853DD0009EA2F9 /* Image+Extension.swift in Sources */ = {isa = PBXBuildFile; fileRef = 05EA69D628853DD0009EA2F9 /* Image+Extension.swift */; };
		05EA69D828853DD0009EA2F9 /* Image+Extension.swift in Sources */ = {isa = PBXBuildFile; fileRef = 05EA69D628853DD0009EA2F9 /* Image+Extension.swift */; };
		05EA69DA288540EE009EA2F9 /* TabBarItemView+Drawable.swift in Sources */ = {isa = PBXBuildFile; fileRef = 05EA69D9288540EE009EA2F9 /* TabBarItemView+Drawable.swift */; };
		05EA69DB288540EE009EA2F9 /* TabBarItemView+Drawable.swift in Sources */ = {isa = PBXBuildFile; fileRef = 05EA69D9288540EE009EA2F9 /* TabBarItemView+Drawable.swift */; };
		05EA69E128856339009EA2F9 /* TabBarContainer.swift in Sources */ = {isa = PBXBuildFile; fileRef = 05EA69E028856339009EA2F9 /* TabBarContainer.swift */; };
		05EA69E228856339009EA2F9 /* TabBarContainer.swift in Sources */ = {isa = PBXBuildFile; fileRef = 05EA69E028856339009EA2F9 /* TabBarContainer.swift */; };
		05EA69E82886496E009EA2F9 /* FontAssets.swift in Sources */ = {isa = PBXBuildFile; fileRef = 05EA69E72886496E009EA2F9 /* FontAssets.swift */; };
		05EA69E92886496E009EA2F9 /* FontAssets.swift in Sources */ = {isa = PBXBuildFile; fileRef = 05EA69E72886496E009EA2F9 /* FontAssets.swift */; };
		05EA69EB28864C27009EA2F9 /* SettingView.swift in Sources */ = {isa = PBXBuildFile; fileRef = 05EA69EA28864C27009EA2F9 /* SettingView.swift */; };
		05EA69EC28864C27009EA2F9 /* SettingView.swift in Sources */ = {isa = PBXBuildFile; fileRef = 05EA69EA28864C27009EA2F9 /* SettingView.swift */; };
		05EA69EE28864CA7009EA2F9 /* HomeView.swift in Sources */ = {isa = PBXBuildFile; fileRef = 05EA69ED28864CA7009EA2F9 /* HomeView.swift */; };
		05EA69EF28864CA7009EA2F9 /* HomeView.swift in Sources */ = {isa = PBXBuildFile; fileRef = 05EA69ED28864CA7009EA2F9 /* HomeView.swift */; };
		05EA69F228864F93009EA2F9 /* TabBarViewModel.swift in Sources */ = {isa = PBXBuildFile; fileRef = 05EA69F128864F93009EA2F9 /* TabBarViewModel.swift */; };
		05EA69F328864F93009EA2F9 /* TabBarViewModel.swift in Sources */ = {isa = PBXBuildFile; fileRef = 05EA69F128864F93009EA2F9 /* TabBarViewModel.swift */; };
		05FB49CF287983F70039CC50 /* Tests_iOS.swift in Sources */ = {isa = PBXBuildFile; fileRef = 05FB49CE287983F70039CC50 /* Tests_iOS.swift */; };
		05FB49D1287983F70039CC50 /* Tests_iOSLaunchTests.swift in Sources */ = {isa = PBXBuildFile; fileRef = 05FB49D0287983F70039CC50 /* Tests_iOSLaunchTests.swift */; };
		05FB49DB287983F70039CC50 /* Tests_macOS.swift in Sources */ = {isa = PBXBuildFile; fileRef = 05FB49DA287983F70039CC50 /* Tests_macOS.swift */; };
		05FB49DD287983F70039CC50 /* Tests_macOSLaunchTests.swift in Sources */ = {isa = PBXBuildFile; fileRef = 05FB49DC287983F70039CC50 /* Tests_macOSLaunchTests.swift */; };
		05FB49DE287983F70039CC50 /* BaseProjectApp.swift in Sources */ = {isa = PBXBuildFile; fileRef = 05FB49B6287983F50039CC50 /* BaseProjectApp.swift */; };
		05FB49DF287983F70039CC50 /* BaseProjectApp.swift in Sources */ = {isa = PBXBuildFile; fileRef = 05FB49B6287983F50039CC50 /* BaseProjectApp.swift */; };
		05FB49E0287983F70039CC50 /* ContentView.swift in Sources */ = {isa = PBXBuildFile; fileRef = 05FB49B7287983F50039CC50 /* ContentView.swift */; };
		05FB49E1287983F70039CC50 /* ContentView.swift in Sources */ = {isa = PBXBuildFile; fileRef = 05FB49B7287983F50039CC50 /* ContentView.swift */; };
		05FB49E2287983F70039CC50 /* Assets.xcassets in Resources */ = {isa = PBXBuildFile; fileRef = 05FB49B8287983F60039CC50 /* Assets.xcassets */; };
		05FB49E3287983F70039CC50 /* Assets.xcassets in Resources */ = {isa = PBXBuildFile; fileRef = 05FB49B8287983F60039CC50 /* Assets.xcassets */; };
		05FB4A4C287B0E950039CC50 /* APIKit.docc in Sources */ = {isa = PBXBuildFile; fileRef = 05FB4A4B287B0E950039CC50 /* APIKit.docc */; };
		05FB4A52287B0E950039CC50 /* APIKit.framework in Frameworks */ = {isa = PBXBuildFile; fileRef = 05FB4A48287B0E950039CC50 /* APIKit.framework */; };
		05FB4A59287B0E950039CC50 /* APIKitTests.swift in Sources */ = {isa = PBXBuildFile; fileRef = 05FB4A58287B0E950039CC50 /* APIKitTests.swift */; };
		05FB4A5A287B0E950039CC50 /* APIKit.h in Headers */ = {isa = PBXBuildFile; fileRef = 05FB4A4A287B0E950039CC50 /* APIKit.h */; settings = {ATTRIBUTES = (Public, ); }; };
		05FB4A5D287B0E950039CC50 /* APIKit.framework in Frameworks */ = {isa = PBXBuildFile; fileRef = 05FB4A48287B0E950039CC50 /* APIKit.framework */; };
		05FB4A5E287B0E950039CC50 /* APIKit.framework in Embed Frameworks */ = {isa = PBXBuildFile; fileRef = 05FB4A48287B0E950039CC50 /* APIKit.framework */; settings = {ATTRIBUTES = (CodeSignOnCopy, RemoveHeadersOnCopy, ); }; };
		05FB4A69287B0EE00039CC50 /* APIClient.swift in Sources */ = {isa = PBXBuildFile; fileRef = 05FB4A68287B0EE00039CC50 /* APIClient.swift */; };
/* End PBXBuildFile section */

/* Begin PBXContainerItemProxy section */
		05FB49CB287983F70039CC50 /* PBXContainerItemProxy */ = {
			isa = PBXContainerItemProxy;
			containerPortal = 05FB49B1287983F50039CC50 /* Project object */;
			proxyType = 1;
			remoteGlobalIDString = 05FB49BC287983F70039CC50;
			remoteInfo = "BaseProject (iOS)";
		};
		05FB49D7287983F70039CC50 /* PBXContainerItemProxy */ = {
			isa = PBXContainerItemProxy;
			containerPortal = 05FB49B1287983F50039CC50 /* Project object */;
			proxyType = 1;
			remoteGlobalIDString = 05FB49C2287983F70039CC50;
			remoteInfo = "BaseProject (macOS)";
		};
		05FB4A53287B0E950039CC50 /* PBXContainerItemProxy */ = {
			isa = PBXContainerItemProxy;
			containerPortal = 05FB49B1287983F50039CC50 /* Project object */;
			proxyType = 1;
			remoteGlobalIDString = 05FB4A47287B0E950039CC50;
			remoteInfo = APIKit;
		};
		05FB4A55287B0E950039CC50 /* PBXContainerItemProxy */ = {
			isa = PBXContainerItemProxy;
			containerPortal = 05FB49B1287983F50039CC50 /* Project object */;
			proxyType = 1;
			remoteGlobalIDString = 05FB49BC287983F70039CC50;
			remoteInfo = "BaseProject (iOS)";
		};
		05FB4A5B287B0E950039CC50 /* PBXContainerItemProxy */ = {
			isa = PBXContainerItemProxy;
			containerPortal = 05FB49B1287983F50039CC50 /* Project object */;
			proxyType = 1;
			remoteGlobalIDString = 05FB4A47287B0E950039CC50;
			remoteInfo = APIKit;
		};
/* End PBXContainerItemProxy section */

/* Begin PBXCopyFilesBuildPhase section */
		05FB4A5F287B0E950039CC50 /* Embed Frameworks */ = {
			isa = PBXCopyFilesBuildPhase;
			buildActionMask = 2147483647;
			dstPath = "";
			dstSubfolderSpec = 10;
			files = (
				05FB4A5E287B0E950039CC50 /* APIKit.framework in Embed Frameworks */,
			);
			name = "Embed Frameworks";
			runOnlyForDeploymentPostprocessing = 0;
		};
/* End PBXCopyFilesBuildPhase section */

/* Begin PBXFileReference section */
		0520FC822889449400DB67E8 /* SettingViewModel.swift */ = {isa = PBXFileReference; lastKnownFileType = sourcecode.swift; path = SettingViewModel.swift; sourceTree = "<group>"; };
		0520FC852889455A00DB67E8 /* SettingCommonView.swift */ = {isa = PBXFileReference; lastKnownFileType = sourcecode.swift; path = SettingCommonView.swift; sourceTree = "<group>"; };
		0520FC8728894AA600DB67E8 /* ColorAssets.swift */ = {isa = PBXFileReference; lastKnownFileType = sourcecode.swift; path = ColorAssets.swift; sourceTree = "<group>"; };
		0520FC89288A6CF300DB67E8 /* SettingProfileView.swift */ = {isa = PBXFileReference; lastKnownFileType = sourcecode.swift; path = SettingProfileView.swift; sourceTree = "<group>"; };
		0520FC8B288A6D0100DB67E8 /* SettingFooterView.swift */ = {isa = PBXFileReference; lastKnownFileType = sourcecode.swift; path = SettingFooterView.swift; sourceTree = "<group>"; };
		0520FC8D288A7AF700DB67E8 /* SettingFooterItemView.swift */ = {isa = PBXFileReference; lastKnownFileType = sourcecode.swift; path = SettingFooterItemView.swift; sourceTree = "<group>"; };
		05EA699F287EB0C8009EA2F9 /* MapView.swift */ = {isa = PBXFileReference; lastKnownFileType = sourcecode.swift; path = MapView.swift; sourceTree = "<group>"; };
		05EA69AF2880F21A009EA2F9 /* JSONAssets.swift */ = {isa = PBXFileReference; lastKnownFileType = sourcecode.swift; path = JSONAssets.swift; sourceTree = "<group>"; };
		05EA69C528851F40009EA2F9 /* ImageAssets.swift */ = {isa = PBXFileReference; lastKnownFileType = sourcecode.swift; path = ImageAssets.swift; sourceTree = "<group>"; };
		05EA69CE28853AEA009EA2F9 /* TabBarView.swift */ = {isa = PBXFileReference; lastKnownFileType = sourcecode.swift; path = TabBarView.swift; sourceTree = "<group>"; };
		05EA69D128853AFC009EA2F9 /* TabBarItemView.swift */ = {isa = PBXFileReference; lastKnownFileType = sourcecode.swift; path = TabBarItemView.swift; sourceTree = "<group>"; };
		05EA69D628853DD0009EA2F9 /* Image+Extension.swift */ = {isa = PBXFileReference; lastKnownFileType = sourcecode.swift; path = "Image+Extension.swift"; sourceTree = "<group>"; };
		05EA69D9288540EE009EA2F9 /* TabBarItemView+Drawable.swift */ = {isa = PBXFileReference; lastKnownFileType = sourcecode.swift; path = "TabBarItemView+Drawable.swift"; sourceTree = "<group>"; };
		05EA69E028856339009EA2F9 /* TabBarContainer.swift */ = {isa = PBXFileReference; lastKnownFileType = sourcecode.swift; path = TabBarContainer.swift; sourceTree = "<group>"; };
		05EA69E72886496E009EA2F9 /* FontAssets.swift */ = {isa = PBXFileReference; lastKnownFileType = sourcecode.swift; path = FontAssets.swift; sourceTree = "<group>"; };
		05EA69EA28864C27009EA2F9 /* SettingView.swift */ = {isa = PBXFileReference; lastKnownFileType = sourcecode.swift; path = SettingView.swift; sourceTree = "<group>"; };
		05EA69ED28864CA7009EA2F9 /* HomeView.swift */ = {isa = PBXFileReference; lastKnownFileType = sourcecode.swift; path = HomeView.swift; sourceTree = "<group>"; };
		05EA69F128864F93009EA2F9 /* TabBarViewModel.swift */ = {isa = PBXFileReference; lastKnownFileType = sourcecode.swift; path = TabBarViewModel.swift; sourceTree = "<group>"; };
		05FB49B6287983F50039CC50 /* BaseProjectApp.swift */ = {isa = PBXFileReference; lastKnownFileType = sourcecode.swift; path = BaseProjectApp.swift; sourceTree = "<group>"; };
		05FB49B7287983F50039CC50 /* ContentView.swift */ = {isa = PBXFileReference; lastKnownFileType = sourcecode.swift; path = ContentView.swift; sourceTree = "<group>"; };
		05FB49B8287983F60039CC50 /* Assets.xcassets */ = {isa = PBXFileReference; lastKnownFileType = folder.assetcatalog; path = Assets.xcassets; sourceTree = "<group>"; };
		05FB49BD287983F70039CC50 /* BaseProject.app */ = {isa = PBXFileReference; explicitFileType = wrapper.application; includeInIndex = 0; path = BaseProject.app; sourceTree = BUILT_PRODUCTS_DIR; };
		05FB49C3287983F70039CC50 /* BaseProject.app */ = {isa = PBXFileReference; explicitFileType = wrapper.application; includeInIndex = 0; path = BaseProject.app; sourceTree = BUILT_PRODUCTS_DIR; };
		05FB49C5287983F70039CC50 /* macOS.entitlements */ = {isa = PBXFileReference; lastKnownFileType = text.plist.entitlements; path = macOS.entitlements; sourceTree = "<group>"; };
		05FB49CA287983F70039CC50 /* Tests iOS.xctest */ = {isa = PBXFileReference; explicitFileType = wrapper.cfbundle; includeInIndex = 0; path = "Tests iOS.xctest"; sourceTree = BUILT_PRODUCTS_DIR; };
		05FB49CE287983F70039CC50 /* Tests_iOS.swift */ = {isa = PBXFileReference; lastKnownFileType = sourcecode.swift; path = Tests_iOS.swift; sourceTree = "<group>"; };
		05FB49D0287983F70039CC50 /* Tests_iOSLaunchTests.swift */ = {isa = PBXFileReference; lastKnownFileType = sourcecode.swift; path = Tests_iOSLaunchTests.swift; sourceTree = "<group>"; };
		05FB49D6287983F70039CC50 /* Tests macOS.xctest */ = {isa = PBXFileReference; explicitFileType = wrapper.cfbundle; includeInIndex = 0; path = "Tests macOS.xctest"; sourceTree = BUILT_PRODUCTS_DIR; };
		05FB49DA287983F70039CC50 /* Tests_macOS.swift */ = {isa = PBXFileReference; lastKnownFileType = sourcecode.swift; path = Tests_macOS.swift; sourceTree = "<group>"; };
		05FB49DC287983F70039CC50 /* Tests_macOSLaunchTests.swift */ = {isa = PBXFileReference; lastKnownFileType = sourcecode.swift; path = Tests_macOSLaunchTests.swift; sourceTree = "<group>"; };
		05FB4A48287B0E950039CC50 /* APIKit.framework */ = {isa = PBXFileReference; explicitFileType = wrapper.framework; includeInIndex = 0; path = APIKit.framework; sourceTree = BUILT_PRODUCTS_DIR; };
		05FB4A4A287B0E950039CC50 /* APIKit.h */ = {isa = PBXFileReference; lastKnownFileType = sourcecode.c.h; path = APIKit.h; sourceTree = "<group>"; };
		05FB4A4B287B0E950039CC50 /* APIKit.docc */ = {isa = PBXFileReference; lastKnownFileType = folder.documentationcatalog; path = APIKit.docc; sourceTree = "<group>"; };
		05FB4A51287B0E950039CC50 /* APIKitTests.xctest */ = {isa = PBXFileReference; explicitFileType = wrapper.cfbundle; includeInIndex = 0; path = APIKitTests.xctest; sourceTree = BUILT_PRODUCTS_DIR; };
		05FB4A58287B0E950039CC50 /* APIKitTests.swift */ = {isa = PBXFileReference; lastKnownFileType = sourcecode.swift; path = APIKitTests.swift; sourceTree = "<group>"; };
		05FB4A68287B0EE00039CC50 /* APIClient.swift */ = {isa = PBXFileReference; fileEncoding = 4; lastKnownFileType = sourcecode.swift; path = APIClient.swift; sourceTree = "<group>"; };
/* End PBXFileReference section */

/* Begin PBXFrameworksBuildPhase section */
		05FB49BA287983F70039CC50 /* Frameworks */ = {
			isa = PBXFrameworksBuildPhase;
			buildActionMask = 2147483647;
			files = (
				05FB4A5D287B0E950039CC50 /* APIKit.framework in Frameworks */,
			);
			runOnlyForDeploymentPostprocessing = 0;
		};
		05FB49C0287983F70039CC50 /* Frameworks */ = {
			isa = PBXFrameworksBuildPhase;
			buildActionMask = 2147483647;
			files = (
			);
			runOnlyForDeploymentPostprocessing = 0;
		};
		05FB49C7287983F70039CC50 /* Frameworks */ = {
			isa = PBXFrameworksBuildPhase;
			buildActionMask = 2147483647;
			files = (
			);
			runOnlyForDeploymentPostprocessing = 0;
		};
		05FB49D3287983F70039CC50 /* Frameworks */ = {
			isa = PBXFrameworksBuildPhase;
			buildActionMask = 2147483647;
			files = (
			);
			runOnlyForDeploymentPostprocessing = 0;
		};
		05FB4A45287B0E950039CC50 /* Frameworks */ = {
			isa = PBXFrameworksBuildPhase;
			buildActionMask = 2147483647;
			files = (
			);
			runOnlyForDeploymentPostprocessing = 0;
		};
		05FB4A4E287B0E950039CC50 /* Frameworks */ = {
			isa = PBXFrameworksBuildPhase;
			buildActionMask = 2147483647;
			files = (
				05FB4A52287B0E950039CC50 /* APIKit.framework in Frameworks */,
			);
			runOnlyForDeploymentPostprocessing = 0;
		};
/* End PBXFrameworksBuildPhase section */

/* Begin PBXGroup section */
		0520FC812889448B00DB67E8 /* ViewModel */ = {
			isa = PBXGroup;
			children = (
				0520FC822889449400DB67E8 /* SettingViewModel.swift */,
			);
			path = ViewModel;
			sourceTree = "<group>";
		};
		0520FC842889454F00DB67E8 /* View */ = {
			isa = PBXGroup;
			children = (
				0520FC852889455A00DB67E8 /* SettingCommonView.swift */,
				0520FC89288A6CF300DB67E8 /* SettingProfileView.swift */,
				0520FC8B288A6D0100DB67E8 /* SettingFooterView.swift */,
				0520FC8D288A7AF700DB67E8 /* SettingFooterItemView.swift */,
			);
			path = View;
			sourceTree = "<group>";
		};
		05EA69A62880EDE2009EA2F9 /* Model */ = {
			isa = PBXGroup;
			children = (
			);
			path = Model;
			sourceTree = "<group>";
		};
		05EA69AA2880EFCC009EA2F9 /* API */ = {
			isa = PBXGroup;
			children = (
			);
			path = API;
			sourceTree = "<group>";
		};
		05EA69C428851F34009EA2F9 /* Assets */ = {
			isa = PBXGroup;
			children = (
				05EA69AF2880F21A009EA2F9 /* JSONAssets.swift */,
				05EA69C528851F40009EA2F9 /* ImageAssets.swift */,
				05EA69E72886496E009EA2F9 /* FontAssets.swift */,
				0520FC8728894AA600DB67E8 /* ColorAssets.swift */,
			);
			path = Assets;
			sourceTree = "<group>";
		};
		05EA69D428853AFF009EA2F9 /* Tabbar */ = {
			isa = PBXGroup;
			children = (
				05EA69F028864F89009EA2F9 /* ViewModel */,
				05EA69CE28853AEA009EA2F9 /* TabBarView.swift */,
				05EA69D128853AFC009EA2F9 /* TabBarItemView.swift */,
				05EA69D9288540EE009EA2F9 /* TabBarItemView+Drawable.swift */,
			);
			path = Tabbar;
			sourceTree = "<group>";
		};
		05EA69D528853DBD009EA2F9 /* Extension */ = {
			isa = PBXGroup;
			children = (
				05EA69D628853DD0009EA2F9 /* Image+Extension.swift */,
			);
			path = Extension;
			sourceTree = "<group>";
		};
		05EA69DF28856329009EA2F9 /* Container */ = {
			isa = PBXGroup;
			children = (
				05EA69E028856339009EA2F9 /* TabBarContainer.swift */,
			);
			path = Container;
			sourceTree = "<group>";
		};
		05EA69E328864617009EA2F9 /* Home */ = {
			isa = PBXGroup;
			children = (
				05EA69ED28864CA7009EA2F9 /* HomeView.swift */,
			);
			path = Home;
			sourceTree = "<group>";
		};
		05EA69E42886461E009EA2F9 /* Setting */ = {
			isa = PBXGroup;
			children = (
				0520FC842889454F00DB67E8 /* View */,
				0520FC812889448B00DB67E8 /* ViewModel */,
				05EA69EA28864C27009EA2F9 /* SettingView.swift */,
			);
			path = Setting;
			sourceTree = "<group>";
		};
		05EA69E528864634009EA2F9 /* Main */ = {
			isa = PBXGroup;
			children = (
				05EA69DF28856329009EA2F9 /* Container */,
				05EA69D428853AFF009EA2F9 /* Tabbar */,
			);
			path = Main;
			sourceTree = "<group>";
		};
		05EA69E628864642009EA2F9 /* Map */ = {
			isa = PBXGroup;
			children = (
				05EA699F287EB0C8009EA2F9 /* MapView.swift */,
			);
			path = Map;
			sourceTree = "<group>";
		};
		05EA69F028864F89009EA2F9 /* ViewModel */ = {
			isa = PBXGroup;
			children = (
				05EA69F128864F93009EA2F9 /* TabBarViewModel.swift */,
			);
			path = ViewModel;
			sourceTree = "<group>";
		};
		05FB49B0287983F50039CC50 = {
			isa = PBXGroup;
			children = (
				05FB49B5287983F50039CC50 /* Shared */,
				05FB49C4287983F70039CC50 /* macOS */,
				05FB49CD287983F70039CC50 /* Tests iOS */,
				05FB49D9287983F70039CC50 /* Tests macOS */,
				05FB4A49287B0E950039CC50 /* APIKit */,
				05FB4A57287B0E950039CC50 /* APIKitTests */,
				05FB49BE287983F70039CC50 /* Products */,
			);
			sourceTree = "<group>";
		};
		05FB49B5287983F50039CC50 /* Shared */ = {
			isa = PBXGroup;
			children = (
				05EA69E628864642009EA2F9 /* Map */,
				05EA69E528864634009EA2F9 /* Main */,
				05EA69E42886461E009EA2F9 /* Setting */,
				05EA69E328864617009EA2F9 /* Home */,
				05EA69D528853DBD009EA2F9 /* Extension */,
				05EA69C428851F34009EA2F9 /* Assets */,
				05EA69AA2880EFCC009EA2F9 /* API */,
				05EA69A62880EDE2009EA2F9 /* Model */,
				05FB49B6287983F50039CC50 /* BaseProjectApp.swift */,
				05FB49B7287983F50039CC50 /* ContentView.swift */,
				05FB49B8287983F60039CC50 /* Assets.xcassets */,
			);
			path = Shared;
			sourceTree = "<group>";
		};
		05FB49BE287983F70039CC50 /* Products */ = {
			isa = PBXGroup;
			children = (
				05FB49BD287983F70039CC50 /* BaseProject.app */,
				05FB49C3287983F70039CC50 /* BaseProject.app */,
				05FB49CA287983F70039CC50 /* Tests iOS.xctest */,
				05FB49D6287983F70039CC50 /* Tests macOS.xctest */,
				05FB4A48287B0E950039CC50 /* APIKit.framework */,
				05FB4A51287B0E950039CC50 /* APIKitTests.xctest */,
			);
			name = Products;
			sourceTree = "<group>";
		};
		05FB49C4287983F70039CC50 /* macOS */ = {
			isa = PBXGroup;
			children = (
				05FB49C5287983F70039CC50 /* macOS.entitlements */,
			);
			path = macOS;
			sourceTree = "<group>";
		};
		05FB49CD287983F70039CC50 /* Tests iOS */ = {
			isa = PBXGroup;
			children = (
				05FB49CE287983F70039CC50 /* Tests_iOS.swift */,
				05FB49D0287983F70039CC50 /* Tests_iOSLaunchTests.swift */,
			);
			path = "Tests iOS";
			sourceTree = "<group>";
		};
		05FB49D9287983F70039CC50 /* Tests macOS */ = {
			isa = PBXGroup;
			children = (
				05FB49DA287983F70039CC50 /* Tests_macOS.swift */,
				05FB49DC287983F70039CC50 /* Tests_macOSLaunchTests.swift */,
			);
			path = "Tests macOS";
			sourceTree = "<group>";
		};
		05FB4A49287B0E950039CC50 /* APIKit */ = {
			isa = PBXGroup;
			children = (
				05FB4A4A287B0E950039CC50 /* APIKit.h */,
				05FB4A68287B0EE00039CC50 /* APIClient.swift */,
				05FB4A4B287B0E950039CC50 /* APIKit.docc */,
			);
			path = APIKit;
			sourceTree = "<group>";
		};
		05FB4A57287B0E950039CC50 /* APIKitTests */ = {
			isa = PBXGroup;
			children = (
				05FB4A58287B0E950039CC50 /* APIKitTests.swift */,
			);
			path = APIKitTests;
			sourceTree = "<group>";
		};
/* End PBXGroup section */

/* Begin PBXHeadersBuildPhase section */
		05FB4A43287B0E950039CC50 /* Headers */ = {
			isa = PBXHeadersBuildPhase;
			buildActionMask = 2147483647;
			files = (
				05FB4A5A287B0E950039CC50 /* APIKit.h in Headers */,
			);
			runOnlyForDeploymentPostprocessing = 0;
		};
/* End PBXHeadersBuildPhase section */

/* Begin PBXNativeTarget section */
		05FB49BC287983F70039CC50 /* BaseProject (iOS) */ = {
			isa = PBXNativeTarget;
			buildConfigurationList = 05FB49E6287983F70039CC50 /* Build configuration list for PBXNativeTarget "BaseProject (iOS)" */;
			buildPhases = (
				05FB49B9287983F70039CC50 /* Sources */,
				05FB49BA287983F70039CC50 /* Frameworks */,
				05FB49BB287983F70039CC50 /* Resources */,
				05FB4A5F287B0E950039CC50 /* Embed Frameworks */,
			);
			buildRules = (
			);
			dependencies = (
				05FB4A5C287B0E950039CC50 /* PBXTargetDependency */,
			);
			name = "BaseProject (iOS)";
			packageProductDependencies = (
			);
			productName = "BaseProject (iOS)";
			productReference = 05FB49BD287983F70039CC50 /* BaseProject.app */;
			productType = "com.apple.product-type.application";
		};
		05FB49C2287983F70039CC50 /* BaseProject (macOS) */ = {
			isa = PBXNativeTarget;
			buildConfigurationList = 05FB49E9287983F70039CC50 /* Build configuration list for PBXNativeTarget "BaseProject (macOS)" */;
			buildPhases = (
				05FB49BF287983F70039CC50 /* Sources */,
				05FB49C0287983F70039CC50 /* Frameworks */,
				05FB49C1287983F70039CC50 /* Resources */,
			);
			buildRules = (
			);
			dependencies = (
			);
			name = "BaseProject (macOS)";
			productName = "BaseProject (macOS)";
			productReference = 05FB49C3287983F70039CC50 /* BaseProject.app */;
			productType = "com.apple.product-type.application";
		};
		05FB49C9287983F70039CC50 /* Tests iOS */ = {
			isa = PBXNativeTarget;
			buildConfigurationList = 05FB49EC287983F70039CC50 /* Build configuration list for PBXNativeTarget "Tests iOS" */;
			buildPhases = (
				05FB49C6287983F70039CC50 /* Sources */,
				05FB49C7287983F70039CC50 /* Frameworks */,
				05FB49C8287983F70039CC50 /* Resources */,
			);
			buildRules = (
			);
			dependencies = (
				05FB49CC287983F70039CC50 /* PBXTargetDependency */,
			);
			name = "Tests iOS";
			productName = "Tests iOS";
			productReference = 05FB49CA287983F70039CC50 /* Tests iOS.xctest */;
			productType = "com.apple.product-type.bundle.ui-testing";
		};
		05FB49D5287983F70039CC50 /* Tests macOS */ = {
			isa = PBXNativeTarget;
			buildConfigurationList = 05FB49EF287983F70039CC50 /* Build configuration list for PBXNativeTarget "Tests macOS" */;
			buildPhases = (
				05FB49D2287983F70039CC50 /* Sources */,
				05FB49D3287983F70039CC50 /* Frameworks */,
				05FB49D4287983F70039CC50 /* Resources */,
			);
			buildRules = (
			);
			dependencies = (
				05FB49D8287983F70039CC50 /* PBXTargetDependency */,
			);
			name = "Tests macOS";
			productName = "Tests macOS";
			productReference = 05FB49D6287983F70039CC50 /* Tests macOS.xctest */;
			productType = "com.apple.product-type.bundle.ui-testing";
		};
		05FB4A47287B0E950039CC50 /* APIKit */ = {
			isa = PBXNativeTarget;
			buildConfigurationList = 05FB4A64287B0E950039CC50 /* Build configuration list for PBXNativeTarget "APIKit" */;
			buildPhases = (
				05FB4A43287B0E950039CC50 /* Headers */,
				05FB4A44287B0E950039CC50 /* Sources */,
				05FB4A45287B0E950039CC50 /* Frameworks */,
				05FB4A46287B0E950039CC50 /* Resources */,
			);
			buildRules = (
			);
			dependencies = (
			);
			name = APIKit;
			productName = APIKit;
			productReference = 05FB4A48287B0E950039CC50 /* APIKit.framework */;
			productType = "com.apple.product-type.framework";
		};
		05FB4A50287B0E950039CC50 /* APIKitTests */ = {
			isa = PBXNativeTarget;
			buildConfigurationList = 05FB4A65287B0E950039CC50 /* Build configuration list for PBXNativeTarget "APIKitTests" */;
			buildPhases = (
				05FB4A4D287B0E950039CC50 /* Sources */,
				05FB4A4E287B0E950039CC50 /* Frameworks */,
				05FB4A4F287B0E950039CC50 /* Resources */,
			);
			buildRules = (
			);
			dependencies = (
				05FB4A54287B0E950039CC50 /* PBXTargetDependency */,
				05FB4A56287B0E950039CC50 /* PBXTargetDependency */,
			);
			name = APIKitTests;
			productName = APIKitTests;
			productReference = 05FB4A51287B0E950039CC50 /* APIKitTests.xctest */;
			productType = "com.apple.product-type.bundle.unit-test";
		};
/* End PBXNativeTarget section */

/* Begin PBXProject section */
		05FB49B1287983F50039CC50 /* Project object */ = {
			isa = PBXProject;
			attributes = {
				BuildIndependentTargetsInParallel = 1;
				LastSwiftUpdateCheck = 1340;
				LastUpgradeCheck = 1340;
				TargetAttributes = {
					05FB49BC287983F70039CC50 = {
						CreatedOnToolsVersion = 13.4.1;
					};
					05FB49C2287983F70039CC50 = {
						CreatedOnToolsVersion = 13.4.1;
					};
					05FB49C9287983F70039CC50 = {
						CreatedOnToolsVersion = 13.4.1;
						TestTargetID = 05FB49BC287983F70039CC50;
					};
					05FB49D5287983F70039CC50 = {
						CreatedOnToolsVersion = 13.4.1;
						TestTargetID = 05FB49C2287983F70039CC50;
					};
					05FB4A47287B0E950039CC50 = {
						CreatedOnToolsVersion = 13.4.1;
					};
					05FB4A50287B0E950039CC50 = {
						CreatedOnToolsVersion = 13.4.1;
						TestTargetID = 05FB49BC287983F70039CC50;
					};
				};
			};
			buildConfigurationList = 05FB49B4287983F50039CC50 /* Build configuration list for PBXProject "BaseProject" */;
			compatibilityVersion = "Xcode 13.0";
			developmentRegion = en;
			hasScannedForEncodings = 0;
			knownRegions = (
				en,
				Base,
			);
			mainGroup = 05FB49B0287983F50039CC50;
			packageReferences = (
			);
			productRefGroup = 05FB49BE287983F70039CC50 /* Products */;
			projectDirPath = "";
			projectRoot = "";
			targets = (
				05FB49BC287983F70039CC50 /* BaseProject (iOS) */,
				05FB49C2287983F70039CC50 /* BaseProject (macOS) */,
				05FB49C9287983F70039CC50 /* Tests iOS */,
				05FB49D5287983F70039CC50 /* Tests macOS */,
				05FB4A47287B0E950039CC50 /* APIKit */,
				05FB4A50287B0E950039CC50 /* APIKitTests */,
			);
		};
/* End PBXProject section */

/* Begin PBXResourcesBuildPhase section */
		05FB49BB287983F70039CC50 /* Resources */ = {
			isa = PBXResourcesBuildPhase;
			buildActionMask = 2147483647;
			files = (
				05FB49E2287983F70039CC50 /* Assets.xcassets in Resources */,
			);
			runOnlyForDeploymentPostprocessing = 0;
		};
		05FB49C1287983F70039CC50 /* Resources */ = {
			isa = PBXResourcesBuildPhase;
			buildActionMask = 2147483647;
			files = (
				05FB49E3287983F70039CC50 /* Assets.xcassets in Resources */,
			);
			runOnlyForDeploymentPostprocessing = 0;
		};
		05FB49C8287983F70039CC50 /* Resources */ = {
			isa = PBXResourcesBuildPhase;
			buildActionMask = 2147483647;
			files = (
			);
			runOnlyForDeploymentPostprocessing = 0;
		};
		05FB49D4287983F70039CC50 /* Resources */ = {
			isa = PBXResourcesBuildPhase;
			buildActionMask = 2147483647;
			files = (
			);
			runOnlyForDeploymentPostprocessing = 0;
		};
		05FB4A46287B0E950039CC50 /* Resources */ = {
			isa = PBXResourcesBuildPhase;
			buildActionMask = 2147483647;
			files = (
			);
			runOnlyForDeploymentPostprocessing = 0;
		};
		05FB4A4F287B0E950039CC50 /* Resources */ = {
			isa = PBXResourcesBuildPhase;
			buildActionMask = 2147483647;
			files = (
			);
			runOnlyForDeploymentPostprocessing = 0;
		};
/* End PBXResourcesBuildPhase section */

/* Begin PBXSourcesBuildPhase section */
		05FB49B9287983F70039CC50 /* Sources */ = {
			isa = PBXSourcesBuildPhase;
			buildActionMask = 2147483647;
			files = (
				05EA69D228853AFC009EA2F9 /* TabBarItemView.swift in Sources */,
				0520FC8A288A6CF300DB67E8 /* SettingProfileView.swift in Sources */,
				05FB49E0287983F70039CC50 /* ContentView.swift in Sources */,
				05EA69EE28864CA7009EA2F9 /* HomeView.swift in Sources */,
				05FB49DE287983F70039CC50 /* BaseProjectApp.swift in Sources */,
				0520FC862889455A00DB67E8 /* SettingCommonView.swift in Sources */,
				05EA69A0287EB0C8009EA2F9 /* MapView.swift in Sources */,
				05EA69E128856339009EA2F9 /* TabBarContainer.swift in Sources */,
				0520FC8C288A6D0100DB67E8 /* SettingFooterView.swift in Sources */,
				05EA69CF28853AEA009EA2F9 /* TabBarView.swift in Sources */,
				05EA69DA288540EE009EA2F9 /* TabBarItemView+Drawable.swift in Sources */,
				05EA69D728853DD0009EA2F9 /* Image+Extension.swift in Sources */,
				05EA69C628851F40009EA2F9 /* ImageAssets.swift in Sources */,
				0520FC832889449400DB67E8 /* SettingViewModel.swift in Sources */,
				05EA69EB28864C27009EA2F9 /* SettingView.swift in Sources */,
				05EA69B02880F21A009EA2F9 /* JSONAssets.swift in Sources */,
				0520FC8828894AA600DB67E8 /* ColorAssets.swift in Sources */,
				0520FC8E288A7AF700DB67E8 /* SettingFooterItemView.swift in Sources */,
				05EA69F228864F93009EA2F9 /* TabBarViewModel.swift in Sources */,
				05EA69E82886496E009EA2F9 /* FontAssets.swift in Sources */,
			);
			runOnlyForDeploymentPostprocessing = 0;
		};
		05FB49BF287983F70039CC50 /* Sources */ = {
			isa = PBXSourcesBuildPhase;
			buildActionMask = 2147483647;
			files = (
				05EA69D328853AFC009EA2F9 /* TabBarItemView.swift in Sources */,
				05FB49E1287983F70039CC50 /* ContentView.swift in Sources */,
				05EA69EF28864CA7009EA2F9 /* HomeView.swift in Sources */,
				05FB49DF287983F70039CC50 /* BaseProjectApp.swift in Sources */,
				05EA69A1287EB0C8009EA2F9 /* MapView.swift in Sources */,
				05EA69E228856339009EA2F9 /* TabBarContainer.swift in Sources */,
				05EA69D028853AEA009EA2F9 /* TabBarView.swift in Sources */,
				05EA69DB288540EE009EA2F9 /* TabBarItemView+Drawable.swift in Sources */,
				05EA69D828853DD0009EA2F9 /* Image+Extension.swift in Sources */,
				05EA69C728851F40009EA2F9 /* ImageAssets.swift in Sources */,
				05EA69EC28864C27009EA2F9 /* SettingView.swift in Sources */,
				05EA69B12880F21A009EA2F9 /* JSONAssets.swift in Sources */,
				05EA69F328864F93009EA2F9 /* TabBarViewModel.swift in Sources */,
				05EA69E92886496E009EA2F9 /* FontAssets.swift in Sources */,
			);
			runOnlyForDeploymentPostprocessing = 0;
		};
		05FB49C6287983F70039CC50 /* Sources */ = {
			isa = PBXSourcesBuildPhase;
			buildActionMask = 2147483647;
			files = (
				05FB49D1287983F70039CC50 /* Tests_iOSLaunchTests.swift in Sources */,
				05FB49CF287983F70039CC50 /* Tests_iOS.swift in Sources */,
			);
			runOnlyForDeploymentPostprocessing = 0;
		};
		05FB49D2287983F70039CC50 /* Sources */ = {
			isa = PBXSourcesBuildPhase;
			buildActionMask = 2147483647;
			files = (
				05FB49DD287983F70039CC50 /* Tests_macOSLaunchTests.swift in Sources */,
				05FB49DB287983F70039CC50 /* Tests_macOS.swift in Sources */,
			);
			runOnlyForDeploymentPostprocessing = 0;
		};
		05FB4A44287B0E950039CC50 /* Sources */ = {
			isa = PBXSourcesBuildPhase;
			buildActionMask = 2147483647;
			files = (
				05FB4A4C287B0E950039CC50 /* APIKit.docc in Sources */,
				05FB4A69287B0EE00039CC50 /* APIClient.swift in Sources */,
			);
			runOnlyForDeploymentPostprocessing = 0;
		};
		05FB4A4D287B0E950039CC50 /* Sources */ = {
			isa = PBXSourcesBuildPhase;
			buildActionMask = 2147483647;
			files = (
				05FB4A59287B0E950039CC50 /* APIKitTests.swift in Sources */,
			);
			runOnlyForDeploymentPostprocessing = 0;
		};
/* End PBXSourcesBuildPhase section */

/* Begin PBXTargetDependency section */
		05FB49CC287983F70039CC50 /* PBXTargetDependency */ = {
			isa = PBXTargetDependency;
			target = 05FB49BC287983F70039CC50 /* BaseProject (iOS) */;
			targetProxy = 05FB49CB287983F70039CC50 /* PBXContainerItemProxy */;
		};
		05FB49D8287983F70039CC50 /* PBXTargetDependency */ = {
			isa = PBXTargetDependency;
			target = 05FB49C2287983F70039CC50 /* BaseProject (macOS) */;
			targetProxy = 05FB49D7287983F70039CC50 /* PBXContainerItemProxy */;
		};
		05FB4A54287B0E950039CC50 /* PBXTargetDependency */ = {
			isa = PBXTargetDependency;
			target = 05FB4A47287B0E950039CC50 /* APIKit */;
			targetProxy = 05FB4A53287B0E950039CC50 /* PBXContainerItemProxy */;
		};
		05FB4A56287B0E950039CC50 /* PBXTargetDependency */ = {
			isa = PBXTargetDependency;
			target = 05FB49BC287983F70039CC50 /* BaseProject (iOS) */;
			targetProxy = 05FB4A55287B0E950039CC50 /* PBXContainerItemProxy */;
		};
		05FB4A5C287B0E950039CC50 /* PBXTargetDependency */ = {
			isa = PBXTargetDependency;
			target = 05FB4A47287B0E950039CC50 /* APIKit */;
			targetProxy = 05FB4A5B287B0E950039CC50 /* PBXContainerItemProxy */;
		};
/* End PBXTargetDependency section */

/* Begin XCBuildConfiguration section */
		05FB49E4287983F70039CC50 /* Debug */ = {
			isa = XCBuildConfiguration;
			buildSettings = {
				ALWAYS_SEARCH_USER_PATHS = NO;
				CLANG_ANALYZER_NONNULL = YES;
				CLANG_ANALYZER_NUMBER_OBJECT_CONVERSION = YES_AGGRESSIVE;
				CLANG_CXX_LANGUAGE_STANDARD = "gnu++17";
				CLANG_ENABLE_MODULES = YES;
				CLANG_ENABLE_OBJC_ARC = YES;
				CLANG_ENABLE_OBJC_WEAK = YES;
				CLANG_WARN_BLOCK_CAPTURE_AUTORELEASING = YES;
				CLANG_WARN_BOOL_CONVERSION = YES;
				CLANG_WARN_COMMA = YES;
				CLANG_WARN_CONSTANT_CONVERSION = YES;
				CLANG_WARN_DEPRECATED_OBJC_IMPLEMENTATIONS = YES;
				CLANG_WARN_DIRECT_OBJC_ISA_USAGE = YES_ERROR;
				CLANG_WARN_DOCUMENTATION_COMMENTS = YES;
				CLANG_WARN_EMPTY_BODY = YES;
				CLANG_WARN_ENUM_CONVERSION = YES;
				CLANG_WARN_INFINITE_RECURSION = YES;
				CLANG_WARN_INT_CONVERSION = YES;
				CLANG_WARN_NON_LITERAL_NULL_CONVERSION = YES;
				CLANG_WARN_OBJC_IMPLICIT_RETAIN_SELF = YES;
				CLANG_WARN_OBJC_LITERAL_CONVERSION = YES;
				CLANG_WARN_OBJC_ROOT_CLASS = YES_ERROR;
				CLANG_WARN_QUOTED_INCLUDE_IN_FRAMEWORK_HEADER = YES;
				CLANG_WARN_RANGE_LOOP_ANALYSIS = YES;
				CLANG_WARN_STRICT_PROTOTYPES = YES;
				CLANG_WARN_SUSPICIOUS_MOVE = YES;
				CLANG_WARN_UNGUARDED_AVAILABILITY = YES_AGGRESSIVE;
				CLANG_WARN_UNREACHABLE_CODE = YES;
				CLANG_WARN__DUPLICATE_METHOD_MATCH = YES;
				COPY_PHASE_STRIP = NO;
				DEBUG_INFORMATION_FORMAT = dwarf;
				ENABLE_STRICT_OBJC_MSGSEND = YES;
				ENABLE_TESTABILITY = YES;
				GCC_C_LANGUAGE_STANDARD = gnu11;
				GCC_DYNAMIC_NO_PIC = NO;
				GCC_NO_COMMON_BLOCKS = YES;
				GCC_OPTIMIZATION_LEVEL = 0;
				GCC_PREPROCESSOR_DEFINITIONS = (
					"DEBUG=1",
					"$(inherited)",
				);
				GCC_WARN_64_TO_32_BIT_CONVERSION = YES;
				GCC_WARN_ABOUT_RETURN_TYPE = YES_ERROR;
				GCC_WARN_UNDECLARED_SELECTOR = YES;
				GCC_WARN_UNINITIALIZED_AUTOS = YES_AGGRESSIVE;
				GCC_WARN_UNUSED_FUNCTION = YES;
				GCC_WARN_UNUSED_VARIABLE = YES;
				MTL_ENABLE_DEBUG_INFO = INCLUDE_SOURCE;
				MTL_FAST_MATH = YES;
				ONLY_ACTIVE_ARCH = YES;
				SWIFT_ACTIVE_COMPILATION_CONDITIONS = DEBUG;
				SWIFT_OPTIMIZATION_LEVEL = "-Onone";
			};
			name = Debug;
		};
		05FB49E5287983F70039CC50 /* Release */ = {
			isa = XCBuildConfiguration;
			buildSettings = {
				ALWAYS_SEARCH_USER_PATHS = NO;
				CLANG_ANALYZER_NONNULL = YES;
				CLANG_ANALYZER_NUMBER_OBJECT_CONVERSION = YES_AGGRESSIVE;
				CLANG_CXX_LANGUAGE_STANDARD = "gnu++17";
				CLANG_ENABLE_MODULES = YES;
				CLANG_ENABLE_OBJC_ARC = YES;
				CLANG_ENABLE_OBJC_WEAK = YES;
				CLANG_WARN_BLOCK_CAPTURE_AUTORELEASING = YES;
				CLANG_WARN_BOOL_CONVERSION = YES;
				CLANG_WARN_COMMA = YES;
				CLANG_WARN_CONSTANT_CONVERSION = YES;
				CLANG_WARN_DEPRECATED_OBJC_IMPLEMENTATIONS = YES;
				CLANG_WARN_DIRECT_OBJC_ISA_USAGE = YES_ERROR;
				CLANG_WARN_DOCUMENTATION_COMMENTS = YES;
				CLANG_WARN_EMPTY_BODY = YES;
				CLANG_WARN_ENUM_CONVERSION = YES;
				CLANG_WARN_INFINITE_RECURSION = YES;
				CLANG_WARN_INT_CONVERSION = YES;
				CLANG_WARN_NON_LITERAL_NULL_CONVERSION = YES;
				CLANG_WARN_OBJC_IMPLICIT_RETAIN_SELF = YES;
				CLANG_WARN_OBJC_LITERAL_CONVERSION = YES;
				CLANG_WARN_OBJC_ROOT_CLASS = YES_ERROR;
				CLANG_WARN_QUOTED_INCLUDE_IN_FRAMEWORK_HEADER = YES;
				CLANG_WARN_RANGE_LOOP_ANALYSIS = YES;
				CLANG_WARN_STRICT_PROTOTYPES = YES;
				CLANG_WARN_SUSPICIOUS_MOVE = YES;
				CLANG_WARN_UNGUARDED_AVAILABILITY = YES_AGGRESSIVE;
				CLANG_WARN_UNREACHABLE_CODE = YES;
				CLANG_WARN__DUPLICATE_METHOD_MATCH = YES;
				COPY_PHASE_STRIP = NO;
				DEBUG_INFORMATION_FORMAT = "dwarf-with-dsym";
				ENABLE_NS_ASSERTIONS = NO;
				ENABLE_STRICT_OBJC_MSGSEND = YES;
				GCC_C_LANGUAGE_STANDARD = gnu11;
				GCC_NO_COMMON_BLOCKS = YES;
				GCC_WARN_64_TO_32_BIT_CONVERSION = YES;
				GCC_WARN_ABOUT_RETURN_TYPE = YES_ERROR;
				GCC_WARN_UNDECLARED_SELECTOR = YES;
				GCC_WARN_UNINITIALIZED_AUTOS = YES_AGGRESSIVE;
				GCC_WARN_UNUSED_FUNCTION = YES;
				GCC_WARN_UNUSED_VARIABLE = YES;
				MTL_ENABLE_DEBUG_INFO = NO;
				MTL_FAST_MATH = YES;
				SWIFT_COMPILATION_MODE = wholemodule;
				SWIFT_OPTIMIZATION_LEVEL = "-O";
			};
			name = Release;
		};
		05FB49E7287983F70039CC50 /* Debug */ = {
			isa = XCBuildConfiguration;
			buildSettings = {
				ALWAYS_EMBED_SWIFT_STANDARD_LIBRARIES = YES;
				ASSETCATALOG_COMPILER_APPICON_NAME = AppIcon;
				ASSETCATALOG_COMPILER_GLOBAL_ACCENT_COLOR_NAME = AccentColor;
				CODE_SIGN_STYLE = Automatic;
				CURRENT_PROJECT_VERSION = 1;
				ENABLE_PREVIEWS = YES;
				GENERATE_INFOPLIST_FILE = YES;
				INFOPLIST_KEY_UIApplicationSceneManifest_Generation = YES;
				INFOPLIST_KEY_UIApplicationSupportsIndirectInputEvents = YES;
				INFOPLIST_KEY_UILaunchScreen_Generation = YES;
				INFOPLIST_KEY_UISupportedInterfaceOrientations_iPad = "UIInterfaceOrientationPortrait UIInterfaceOrientationPortraitUpsideDown UIInterfaceOrientationLandscapeLeft UIInterfaceOrientationLandscapeRight";
				INFOPLIST_KEY_UISupportedInterfaceOrientations_iPhone = "UIInterfaceOrientationPortrait UIInterfaceOrientationLandscapeLeft UIInterfaceOrientationLandscapeRight";
				IPHONEOS_DEPLOYMENT_TARGET = 15.5;
				LD_RUNPATH_SEARCH_PATHS = (
					"$(inherited)",
					"@executable_path/Frameworks",
				);
				MARKETING_VERSION = 1.0;
				PRODUCT_BUNDLE_IDENTIFIER = com.base.dean.BaseProject;
				PRODUCT_NAME = BaseProject;
				SDKROOT = iphoneos;
				SWIFT_EMIT_LOC_STRINGS = YES;
				SWIFT_VERSION = 5.0;
				TARGETED_DEVICE_FAMILY = "1,2";
			};
			name = Debug;
		};
		05FB49E8287983F70039CC50 /* Release */ = {
			isa = XCBuildConfiguration;
			buildSettings = {
				ALWAYS_EMBED_SWIFT_STANDARD_LIBRARIES = YES;
				ASSETCATALOG_COMPILER_APPICON_NAME = AppIcon;
				ASSETCATALOG_COMPILER_GLOBAL_ACCENT_COLOR_NAME = AccentColor;
				CODE_SIGN_STYLE = Automatic;
				CURRENT_PROJECT_VERSION = 1;
				ENABLE_PREVIEWS = YES;
				GENERATE_INFOPLIST_FILE = YES;
				INFOPLIST_KEY_UIApplicationSceneManifest_Generation = YES;
				INFOPLIST_KEY_UIApplicationSupportsIndirectInputEvents = YES;
				INFOPLIST_KEY_UILaunchScreen_Generation = YES;
				INFOPLIST_KEY_UISupportedInterfaceOrientations_iPad = "UIInterfaceOrientationPortrait UIInterfaceOrientationPortraitUpsideDown UIInterfaceOrientationLandscapeLeft UIInterfaceOrientationLandscapeRight";
				INFOPLIST_KEY_UISupportedInterfaceOrientations_iPhone = "UIInterfaceOrientationPortrait UIInterfaceOrientationLandscapeLeft UIInterfaceOrientationLandscapeRight";
				IPHONEOS_DEPLOYMENT_TARGET = 15.5;
				LD_RUNPATH_SEARCH_PATHS = (
					"$(inherited)",
					"@executable_path/Frameworks",
				);
				MARKETING_VERSION = 1.0;
				PRODUCT_BUNDLE_IDENTIFIER = com.base.dean.BaseProject;
				PRODUCT_NAME = BaseProject;
				SDKROOT = iphoneos;
				SWIFT_EMIT_LOC_STRINGS = YES;
				SWIFT_VERSION = 5.0;
				TARGETED_DEVICE_FAMILY = "1,2";
				VALIDATE_PRODUCT = YES;
			};
			name = Release;
		};
		05FB49EA287983F70039CC50 /* Debug */ = {
			isa = XCBuildConfiguration;
			buildSettings = {
				ASSETCATALOG_COMPILER_APPICON_NAME = AppIcon;
				ASSETCATALOG_COMPILER_GLOBAL_ACCENT_COLOR_NAME = AccentColor;
				CODE_SIGN_ENTITLEMENTS = macOS/macOS.entitlements;
				CODE_SIGN_STYLE = Automatic;
				COMBINE_HIDPI_IMAGES = YES;
				CURRENT_PROJECT_VERSION = 1;
				ENABLE_PREVIEWS = YES;
				GENERATE_INFOPLIST_FILE = YES;
				INFOPLIST_KEY_NSHumanReadableCopyright = "";
				LD_RUNPATH_SEARCH_PATHS = (
					"$(inherited)",
					"@executable_path/../Frameworks",
				);
				MACOSX_DEPLOYMENT_TARGET = 12.3;
				MARKETING_VERSION = 1.0;
				PRODUCT_BUNDLE_IDENTIFIER = com.base.dean.BaseProject;
				PRODUCT_NAME = BaseProject;
				SDKROOT = macosx;
				SWIFT_EMIT_LOC_STRINGS = YES;
				SWIFT_VERSION = 5.0;
			};
			name = Debug;
		};
		05FB49EB287983F70039CC50 /* Release */ = {
			isa = XCBuildConfiguration;
			buildSettings = {
				ASSETCATALOG_COMPILER_APPICON_NAME = AppIcon;
				ASSETCATALOG_COMPILER_GLOBAL_ACCENT_COLOR_NAME = AccentColor;
				CODE_SIGN_ENTITLEMENTS = macOS/macOS.entitlements;
				CODE_SIGN_STYLE = Automatic;
				COMBINE_HIDPI_IMAGES = YES;
				CURRENT_PROJECT_VERSION = 1;
				ENABLE_PREVIEWS = YES;
				GENERATE_INFOPLIST_FILE = YES;
				INFOPLIST_KEY_NSHumanReadableCopyright = "";
				LD_RUNPATH_SEARCH_PATHS = (
					"$(inherited)",
					"@executable_path/../Frameworks",
				);
				MACOSX_DEPLOYMENT_TARGET = 12.3;
				MARKETING_VERSION = 1.0;
				PRODUCT_BUNDLE_IDENTIFIER = com.base.dean.BaseProject;
				PRODUCT_NAME = BaseProject;
				SDKROOT = macosx;
				SWIFT_EMIT_LOC_STRINGS = YES;
				SWIFT_VERSION = 5.0;
			};
			name = Release;
		};
		05FB49ED287983F70039CC50 /* Debug */ = {
			isa = XCBuildConfiguration;
			buildSettings = {
				ALWAYS_EMBED_SWIFT_STANDARD_LIBRARIES = YES;
				CODE_SIGN_STYLE = Automatic;
				CURRENT_PROJECT_VERSION = 1;
				GENERATE_INFOPLIST_FILE = YES;
				IPHONEOS_DEPLOYMENT_TARGET = 15.5;
				MARKETING_VERSION = 1.0;
				PRODUCT_BUNDLE_IDENTIFIER = "com.base.dean.Tests-iOS";
				PRODUCT_NAME = "$(TARGET_NAME)";
				SDKROOT = iphoneos;
				SWIFT_EMIT_LOC_STRINGS = NO;
				SWIFT_VERSION = 5.0;
				TARGETED_DEVICE_FAMILY = "1,2";
				TEST_TARGET_NAME = "BaseProject (iOS)";
			};
			name = Debug;
		};
		05FB49EE287983F70039CC50 /* Release */ = {
			isa = XCBuildConfiguration;
			buildSettings = {
				ALWAYS_EMBED_SWIFT_STANDARD_LIBRARIES = YES;
				CODE_SIGN_STYLE = Automatic;
				CURRENT_PROJECT_VERSION = 1;
				GENERATE_INFOPLIST_FILE = YES;
				IPHONEOS_DEPLOYMENT_TARGET = 15.5;
				MARKETING_VERSION = 1.0;
				PRODUCT_BUNDLE_IDENTIFIER = "com.base.dean.Tests-iOS";
				PRODUCT_NAME = "$(TARGET_NAME)";
				SDKROOT = iphoneos;
				SWIFT_EMIT_LOC_STRINGS = NO;
				SWIFT_VERSION = 5.0;
				TARGETED_DEVICE_FAMILY = "1,2";
				TEST_TARGET_NAME = "BaseProject (iOS)";
				VALIDATE_PRODUCT = YES;
			};
			name = Release;
		};
		05FB49F0287983F70039CC50 /* Debug */ = {
			isa = XCBuildConfiguration;
			buildSettings = {
				ALWAYS_EMBED_SWIFT_STANDARD_LIBRARIES = YES;
				CODE_SIGN_STYLE = Automatic;
				CURRENT_PROJECT_VERSION = 1;
				GENERATE_INFOPLIST_FILE = YES;
				MACOSX_DEPLOYMENT_TARGET = 12.3;
				MARKETING_VERSION = 1.0;
				PRODUCT_BUNDLE_IDENTIFIER = "com.base.dean.Tests-macOS";
				PRODUCT_NAME = "$(TARGET_NAME)";
				SDKROOT = macosx;
				SWIFT_EMIT_LOC_STRINGS = NO;
				SWIFT_VERSION = 5.0;
				TEST_TARGET_NAME = "BaseProject (macOS)";
			};
			name = Debug;
		};
		05FB49F1287983F70039CC50 /* Release */ = {
			isa = XCBuildConfiguration;
			buildSettings = {
				ALWAYS_EMBED_SWIFT_STANDARD_LIBRARIES = YES;
				CODE_SIGN_STYLE = Automatic;
				CURRENT_PROJECT_VERSION = 1;
				GENERATE_INFOPLIST_FILE = YES;
				MACOSX_DEPLOYMENT_TARGET = 12.3;
				MARKETING_VERSION = 1.0;
				PRODUCT_BUNDLE_IDENTIFIER = "com.base.dean.Tests-macOS";
				PRODUCT_NAME = "$(TARGET_NAME)";
				SDKROOT = macosx;
				SWIFT_EMIT_LOC_STRINGS = NO;
				SWIFT_VERSION = 5.0;
				TEST_TARGET_NAME = "BaseProject (macOS)";
			};
			name = Release;
		};
		05FB4A60287B0E950039CC50 /* Debug */ = {
			isa = XCBuildConfiguration;
			buildSettings = {
				CODE_SIGN_STYLE = Automatic;
				CURRENT_PROJECT_VERSION = 1;
				DEFINES_MODULE = YES;
				DYLIB_COMPATIBILITY_VERSION = 1;
				DYLIB_CURRENT_VERSION = 1;
				DYLIB_INSTALL_NAME_BASE = "@rpath";
				GENERATE_INFOPLIST_FILE = YES;
				INFOPLIST_KEY_NSHumanReadableCopyright = "";
				INSTALL_PATH = "$(LOCAL_LIBRARY_DIR)/Frameworks";
				IPHONEOS_DEPLOYMENT_TARGET = 15.5;
				LD_RUNPATH_SEARCH_PATHS = (
					"$(inherited)",
					"@executable_path/Frameworks",
					"@loader_path/Frameworks",
				);
				MARKETING_VERSION = 1.0;
				PRODUCT_BUNDLE_IDENTIFIER = com.base.dean.APIKit;
				PRODUCT_NAME = "$(TARGET_NAME:c99extidentifier)";
				SDKROOT = iphoneos;
				SKIP_INSTALL = YES;
				SWIFT_EMIT_LOC_STRINGS = YES;
				SWIFT_VERSION = 5.0;
				TARGETED_DEVICE_FAMILY = "1,2";
				VERSIONING_SYSTEM = "apple-generic";
				VERSION_INFO_PREFIX = "";
			};
			name = Debug;
		};
		05FB4A61287B0E950039CC50 /* Release */ = {
			isa = XCBuildConfiguration;
			buildSettings = {
				CODE_SIGN_STYLE = Automatic;
				CURRENT_PROJECT_VERSION = 1;
				DEFINES_MODULE = YES;
				DYLIB_COMPATIBILITY_VERSION = 1;
				DYLIB_CURRENT_VERSION = 1;
				DYLIB_INSTALL_NAME_BASE = "@rpath";
				GENERATE_INFOPLIST_FILE = YES;
				INFOPLIST_KEY_NSHumanReadableCopyright = "";
				INSTALL_PATH = "$(LOCAL_LIBRARY_DIR)/Frameworks";
				IPHONEOS_DEPLOYMENT_TARGET = 15.5;
				LD_RUNPATH_SEARCH_PATHS = (
					"$(inherited)",
					"@executable_path/Frameworks",
					"@loader_path/Frameworks",
				);
				MARKETING_VERSION = 1.0;
				PRODUCT_BUNDLE_IDENTIFIER = com.base.dean.APIKit;
				PRODUCT_NAME = "$(TARGET_NAME:c99extidentifier)";
				SDKROOT = iphoneos;
				SKIP_INSTALL = YES;
				SWIFT_EMIT_LOC_STRINGS = YES;
				SWIFT_VERSION = 5.0;
				TARGETED_DEVICE_FAMILY = "1,2";
				VALIDATE_PRODUCT = YES;
				VERSIONING_SYSTEM = "apple-generic";
				VERSION_INFO_PREFIX = "";
			};
			name = Release;
		};
		05FB4A62287B0E950039CC50 /* Debug */ = {
			isa = XCBuildConfiguration;
			buildSettings = {
				ALWAYS_EMBED_SWIFT_STANDARD_LIBRARIES = YES;
				CODE_SIGN_STYLE = Automatic;
				CURRENT_PROJECT_VERSION = 1;
				GENERATE_INFOPLIST_FILE = YES;
				IPHONEOS_DEPLOYMENT_TARGET = 15.5;
				MARKETING_VERSION = 1.0;
				PRODUCT_BUNDLE_IDENTIFIER = com.base.dean.APIKitTests;
				PRODUCT_NAME = "$(TARGET_NAME)";
				SDKROOT = iphoneos;
				SWIFT_EMIT_LOC_STRINGS = NO;
				SWIFT_VERSION = 5.0;
				TARGETED_DEVICE_FAMILY = "1,2";
				TEST_HOST = "$(BUILT_PRODUCTS_DIR)/BaseProject.app/BaseProject";
			};
			name = Debug;
		};
		05FB4A63287B0E950039CC50 /* Release */ = {
			isa = XCBuildConfiguration;
			buildSettings = {
				ALWAYS_EMBED_SWIFT_STANDARD_LIBRARIES = YES;
				CODE_SIGN_STYLE = Automatic;
				CURRENT_PROJECT_VERSION = 1;
				GENERATE_INFOPLIST_FILE = YES;
				IPHONEOS_DEPLOYMENT_TARGET = 15.5;
				MARKETING_VERSION = 1.0;
				PRODUCT_BUNDLE_IDENTIFIER = com.base.dean.APIKitTests;
				PRODUCT_NAME = "$(TARGET_NAME)";
				SDKROOT = iphoneos;
				SWIFT_EMIT_LOC_STRINGS = NO;
				SWIFT_VERSION = 5.0;
				TARGETED_DEVICE_FAMILY = "1,2";
				TEST_HOST = "$(BUILT_PRODUCTS_DIR)/BaseProject.app/BaseProject";
				VALIDATE_PRODUCT = YES;
			};
			name = Release;
		};
/* End XCBuildConfiguration section */

/* Begin XCConfigurationList section */
		05FB49B4287983F50039CC50 /* Build configuration list for PBXProject "BaseProject" */ = {
			isa = XCConfigurationList;
			buildConfigurations = (
				05FB49E4287983F70039CC50 /* Debug */,
				05FB49E5287983F70039CC50 /* Release */,
			);
			defaultConfigurationIsVisible = 0;
			defaultConfigurationName = Release;
		};
		05FB49E6287983F70039CC50 /* Build configuration list for PBXNativeTarget "BaseProject (iOS)" */ = {
			isa = XCConfigurationList;
			buildConfigurations = (
				05FB49E7287983F70039CC50 /* Debug */,
				05FB49E8287983F70039CC50 /* Release */,
			);
			defaultConfigurationIsVisible = 0;
			defaultConfigurationName = Release;
		};
		05FB49E9287983F70039CC50 /* Build configuration list for PBXNativeTarget "BaseProject (macOS)" */ = {
			isa = XCConfigurationList;
			buildConfigurations = (
				05FB49EA287983F70039CC50 /* Debug */,
				05FB49EB287983F70039CC50 /* Release */,
			);
			defaultConfigurationIsVisible = 0;
			defaultConfigurationName = Release;
		};
		05FB49EC287983F70039CC50 /* Build configuration list for PBXNativeTarget "Tests iOS" */ = {
			isa = XCConfigurationList;
			buildConfigurations = (
				05FB49ED287983F70039CC50 /* Debug */,
				05FB49EE287983F70039CC50 /* Release */,
			);
			defaultConfigurationIsVisible = 0;
			defaultConfigurationName = Release;
		};
		05FB49EF287983F70039CC50 /* Build configuration list for PBXNativeTarget "Tests macOS" */ = {
			isa = XCConfigurationList;
			buildConfigurations = (
				05FB49F0287983F70039CC50 /* Debug */,
				05FB49F1287983F70039CC50 /* Release */,
			);
			defaultConfigurationIsVisible = 0;
			defaultConfigurationName = Release;
		};
		05FB4A64287B0E950039CC50 /* Build configuration list for PBXNativeTarget "APIKit" */ = {
			isa = XCConfigurationList;
			buildConfigurations = (
				05FB4A60287B0E950039CC50 /* Debug */,
				05FB4A61287B0E950039CC50 /* Release */,
			);
			defaultConfigurationIsVisible = 0;
			defaultConfigurationName = Release;
		};
		05FB4A65287B0E950039CC50 /* Build configuration list for PBXNativeTarget "APIKitTests" */ = {
			isa = XCConfigurationList;
			buildConfigurations = (
				05FB4A62287B0E950039CC50 /* Debug */,
				05FB4A63287B0E950039CC50 /* Release */,
			);
			defaultConfigurationIsVisible = 0;
			defaultConfigurationName = Release;
		};
/* End XCConfigurationList section */
	};
	rootObject = 05FB49B1287983F50039CC50 /* Project object */;
}
